// !$*UTF8*$!
{
	archiveVersion = 1;
	classes = {
	};
	objectVersion = 46;
	objects = {

/* Begin PBXBuildFile section */
		C5190A1F13C18C0C0077EECA /* UIKit.framework in Frameworks */ = {isa = PBXBuildFile; fileRef = C5190A1E13C18C0C0077EECA /* UIKit.framework */; };
		C5190A2113C18C0C0077EECA /* Foundation.framework in Frameworks */ = {isa = PBXBuildFile; fileRef = C5190A2013C18C0C0077EECA /* Foundation.framework */; };
		C5190A2313C18C0C0077EECA /* CoreGraphics.framework in Frameworks */ = {isa = PBXBuildFile; fileRef = C5190A2213C18C0C0077EECA /* CoreGraphics.framework */; };
		C5190A2513C18C0C0077EECA /* CoreData.framework in Frameworks */ = {isa = PBXBuildFile; fileRef = C5190A2413C18C0C0077EECA /* CoreData.framework */; };
		C5190A2B13C18C0C0077EECA /* InfoPlist.strings in Resources */ = {isa = PBXBuildFile; fileRef = C5190A2913C18C0C0077EECA /* InfoPlist.strings */; };
		C5190A2E13C18C0C0077EECA /* main.m in Sources */ = {isa = PBXBuildFile; fileRef = C5190A2D13C18C0C0077EECA /* main.m */; };
		C5190A3113C18C0D0077EECA /* Klink_V2AppDelegate.m in Sources */ = {isa = PBXBuildFile; fileRef = C5190A3013C18C0D0077EECA /* Klink_V2AppDelegate.m */; };
		C5190A3413C18C0D0077EECA /* MainWindow.xib in Resources */ = {isa = PBXBuildFile; fileRef = C5190A3213C18C0D0077EECA /* MainWindow.xib */; };
		C5190A3713C18C0D0077EECA /* Klink_V2.xcdatamodeld in Sources */ = {isa = PBXBuildFile; fileRef = C5190A3513C18C0D0077EECA /* Klink_V2.xcdatamodeld */; };
/* End PBXBuildFile section */

/* Begin PBXFileReference section */
		C5190A1A13C18C0C0077EECA /* Klink V2.app */ = {isa = PBXFileReference; explicitFileType = wrapper.application; includeInIndex = 0; path = "Klink V2.app"; sourceTree = BUILT_PRODUCTS_DIR; };
		C5190A1E13C18C0C0077EECA /* UIKit.framework */ = {isa = PBXFileReference; lastKnownFileType = wrapper.framework; name = UIKit.framework; path = System/Library/Frameworks/UIKit.framework; sourceTree = SDKROOT; };
		C5190A2013C18C0C0077EECA /* Foundation.framework */ = {isa = PBXFileReference; lastKnownFileType = wrapper.framework; name = Foundation.framework; path = System/Library/Frameworks/Foundation.framework; sourceTree = SDKROOT; };
		C5190A2213C18C0C0077EECA /* CoreGraphics.framework */ = {isa = PBXFileReference; lastKnownFileType = wrapper.framework; name = CoreGraphics.framework; path = System/Library/Frameworks/CoreGraphics.framework; sourceTree = SDKROOT; };
		C5190A2413C18C0C0077EECA /* CoreData.framework */ = {isa = PBXFileReference; lastKnownFileType = wrapper.framework; name = CoreData.framework; path = System/Library/Frameworks/CoreData.framework; sourceTree = SDKROOT; };
		C5190A2813C18C0C0077EECA /* Klink V2-Info.plist */ = {isa = PBXFileReference; lastKnownFileType = text.plist.xml; path = "Klink V2-Info.plist"; sourceTree = "<group>"; };
		C5190A2A13C18C0C0077EECA /* en */ = {isa = PBXFileReference; lastKnownFileType = text.plist.strings; name = en; path = en.lproj/InfoPlist.strings; sourceTree = "<group>"; };
		C5190A2C13C18C0C0077EECA /* Klink V2-Prefix.pch */ = {isa = PBXFileReference; lastKnownFileType = sourcecode.c.h; path = "Klink V2-Prefix.pch"; sourceTree = "<group>"; };
		C5190A2D13C18C0C0077EECA /* main.m */ = {isa = PBXFileReference; lastKnownFileType = sourcecode.c.objc; path = main.m; sourceTree = "<group>"; };
		C5190A2F13C18C0D0077EECA /* Klink_V2AppDelegate.h */ = {isa = PBXFileReference; lastKnownFileType = sourcecode.c.h; path = Klink_V2AppDelegate.h; sourceTree = "<group>"; };
		C5190A3013C18C0D0077EECA /* Klink_V2AppDelegate.m */ = {isa = PBXFileReference; lastKnownFileType = sourcecode.c.objc; path = Klink_V2AppDelegate.m; sourceTree = "<group>"; };
		C5190A3313C18C0D0077EECA /* en */ = {isa = PBXFileReference; lastKnownFileType = file.xib; name = en; path = en.lproj/MainWindow.xib; sourceTree = "<group>"; };
		C5190A3613C18C0D0077EECA /* Klink_V2.xcdatamodel */ = {isa = PBXFileReference; lastKnownFileType = wrapper.xcdatamodel; path = Klink_V2.xcdatamodel; sourceTree = "<group>"; };
/* End PBXFileReference section */

/* Begin PBXFrameworksBuildPhase section */
		C5190A1713C18C0C0077EECA /* Frameworks */ = {
			isa = PBXFrameworksBuildPhase;
			buildActionMask = 2147483647;
			files = (
				C5190A1F13C18C0C0077EECA /* UIKit.framework in Frameworks */,
				C5190A2113C18C0C0077EECA /* Foundation.framework in Frameworks */,
				C5190A2313C18C0C0077EECA /* CoreGraphics.framework in Frameworks */,
				C5190A2513C18C0C0077EECA /* CoreData.framework in Frameworks */,
			);
			runOnlyForDeploymentPostprocessing = 0;
		};
/* End PBXFrameworksBuildPhase section */

/* Begin PBXGroup section */
		C5190A0F13C18C0C0077EECA = {
			isa = PBXGroup;
			children = (
				C5190A2613C18C0C0077EECA /* Klink V2 */,
				C5190A1D13C18C0C0077EECA /* Frameworks */,
				C5190A1B13C18C0C0077EECA /* Products */,
			);
			sourceTree = "<group>";
		};
		C5190A1B13C18C0C0077EECA /* Products */ = {
			isa = PBXGroup;
			children = (
				C5190A1A13C18C0C0077EECA /* Klink V2.app */,
			);
			name = Products;
			sourceTree = "<group>";
		};
		C5190A1D13C18C0C0077EECA /* Frameworks */ = {
			isa = PBXGroup;
			children = (
				C5190A1E13C18C0C0077EECA /* UIKit.framework */,
				C5190A2013C18C0C0077EECA /* Foundation.framework */,
				C5190A2213C18C0C0077EECA /* CoreGraphics.framework */,
				C5190A2413C18C0C0077EECA /* CoreData.framework */,
			);
			name = Frameworks;
			sourceTree = "<group>";
		};
		C5190A2613C18C0C0077EECA /* Klink V2 */ = {
			isa = PBXGroup;
			children = (
				C5190A2F13C18C0D0077EECA /* Klink_V2AppDelegate.h */,
				C5190A3013C18C0D0077EECA /* Klink_V2AppDelegate.m */,
				C5190A3213C18C0D0077EECA /* MainWindow.xib */,
				C5190A3513C18C0D0077EECA /* Klink_V2.xcdatamodeld */,
				C5190A2713C18C0C0077EECA /* Supporting Files */,
			);
			path = "Klink V2";
			sourceTree = "<group>";
		};
		C5190A2713C18C0C0077EECA /* Supporting Files */ = {
			isa = PBXGroup;
			children = (
				C5190A2813C18C0C0077EECA /* Klink V2-Info.plist */,
				C5190A2913C18C0C0077EECA /* InfoPlist.strings */,
				C5190A2C13C18C0C0077EECA /* Klink V2-Prefix.pch */,
				C5190A2D13C18C0C0077EECA /* main.m */,
			);
			name = "Supporting Files";
			sourceTree = "<group>";
		};
/* End PBXGroup section */

/* Begin PBXNativeTarget section */
		C5190A1913C18C0C0077EECA /* Klink V2 */ = {
			isa = PBXNativeTarget;
			buildConfigurationList = C5190A3A13C18C0D0077EECA /* Build configuration list for PBXNativeTarget "Klink V2" */;
			buildPhases = (
				C5190A1613C18C0C0077EECA /* Sources */,
				C5190A1713C18C0C0077EECA /* Frameworks */,
				C5190A1813C18C0C0077EECA /* Resources */,
			);
			buildRules = (
			);
			dependencies = (
			);
			name = "Klink V2";
			productName = "Klink V2";
			productReference = C5190A1A13C18C0C0077EECA /* Klink V2.app */;
			productType = "com.apple.product-type.application";
		};
/* End PBXNativeTarget section */

/* Begin PBXProject section */
		C5190A1113C18C0C0077EECA /* Project object */ = {
			isa = PBXProject;
			attributes = {
				ORGANIZATIONNAME = "Blue Label Solutions LLC";
			};
			buildConfigurationList = C5190A1413C18C0C0077EECA /* Build configuration list for PBXProject "Klink V2" */;
			compatibilityVersion = "Xcode 3.2";
			developmentRegion = English;
			hasScannedForEncodings = 0;
			knownRegions = (
				en,
			);
			mainGroup = C5190A0F13C18C0C0077EECA;
			productRefGroup = C5190A1B13C18C0C0077EECA /* Products */;
			projectDirPath = "";
			projectRoot = "";
			targets = (
				C5190A1913C18C0C0077EECA /* Klink V2 */,
			);
		};
/* End PBXProject section */

/* Begin PBXResourcesBuildPhase section */
		C5190A1813C18C0C0077EECA /* Resources */ = {
			isa = PBXResourcesBuildPhase;
			buildActionMask = 2147483647;
			files = (
				C5190A2B13C18C0C0077EECA /* InfoPlist.strings in Resources */,
				C5190A3413C18C0D0077EECA /* MainWindow.xib in Resources */,
			);
			runOnlyForDeploymentPostprocessing = 0;
		};
/* End PBXResourcesBuildPhase section */

/* Begin PBXSourcesBuildPhase section */
		C5190A1613C18C0C0077EECA /* Sources */ = {
			isa = PBXSourcesBuildPhase;
			buildActionMask = 2147483647;
			files = (
				C5190A2E13C18C0C0077EECA /* main.m in Sources */,
				C5190A3113C18C0D0077EECA /* Klink_V2AppDelegate.m in Sources */,
				C5190A3713C18C0D0077EECA /* Klink_V2.xcdatamodeld in Sources */,
			);
			runOnlyForDeploymentPostprocessing = 0;
		};
/* End PBXSourcesBuildPhase section */

/* Begin PBXVariantGroup section */
		C5190A2913C18C0C0077EECA /* InfoPlist.strings */ = {
			isa = PBXVariantGroup;
			children = (
				C5190A2A13C18C0C0077EECA /* en */,
			);
			name = InfoPlist.strings;
			sourceTree = "<group>";
		};
		C5190A3213C18C0D0077EECA /* MainWindow.xib */ = {
			isa = PBXVariantGroup;
			children = (
				C5190A3313C18C0D0077EECA /* en */,
			);
			name = MainWindow.xib;
			sourceTree = "<group>";
		};
/* End PBXVariantGroup section */

/* Begin XCBuildConfiguration section */
		C5190A3813C18C0D0077EECA /* Debug */ = {
			isa = XCBuildConfiguration;
			buildSettings = {
				ARCHS = "$(ARCHS_STANDARD_32_BIT)";
				"CODE_SIGN_IDENTITY[sdk=iphoneos*]" = "iPhone Developer";
				GCC_C_LANGUAGE_STANDARD = gnu99;
				GCC_OPTIMIZATION_LEVEL = 0;
				GCC_PREPROCESSOR_DEFINITIONS = DEBUG;
				GCC_SYMBOLS_PRIVATE_EXTERN = NO;
				GCC_VERSION = com.apple.compilers.llvmgcc42;
				GCC_WARN_ABOUT_RETURN_TYPE = YES;
				GCC_WARN_UNUSED_VARIABLE = YES;
				IPHONEOS_DEPLOYMENT_TARGET = 4.3;
				SDKROOT = iphoneos;
			};
			name = Debug;
		};
		C5190A3913C18C0D0077EECA /* Release */ = {
			isa = XCBuildConfiguration;
			buildSettings = {
				ARCHS = "$(ARCHS_STANDARD_32_BIT)";
				"CODE_SIGN_IDENTITY[sdk=iphoneos*]" = "iPhone Developer";
				GCC_C_LANGUAGE_STANDARD = gnu99;
				GCC_VERSION = com.apple.compilers.llvmgcc42;
				GCC_WARN_ABOUT_RETURN_TYPE = YES;
				GCC_WARN_UNUSED_VARIABLE = YES;
				IPHONEOS_DEPLOYMENT_TARGET = 4.3;
				OTHER_CFLAGS = "-DNS_BLOCK_ASSERTIONS=1";
				SDKROOT = iphoneos;
			};
			name = Release;
		};
		C5190A3B13C18C0D0077EECA /* Debug */ = {
			isa = XCBuildConfiguration;
			buildSettings = {
				ALWAYS_SEARCH_USER_PATHS = NO;
				COPY_PHASE_STRIP = NO;
				GCC_DYNAMIC_NO_PIC = NO;
				GCC_PRECOMPILE_PREFIX_HEADER = YES;
				GCC_PREFIX_HEADER = "Klink V2/Klink V2-Prefix.pch";
				INFOPLIST_FILE = "Klink V2/Klink V2-Info.plist";
				IPHONEOS_DEPLOYMENT_TARGET = 4.2;
				PRODUCT_NAME = "$(TARGET_NAME)";
				WRAPPER_EXTENSION = app;
			};
			name = Debug;
		};
		C5190A3C13C18C0D0077EECA /* Release */ = {
			isa = XCBuildConfiguration;
			buildSettings = {
				ALWAYS_SEARCH_USER_PATHS = NO;
				COPY_PHASE_STRIP = YES;
				GCC_PRECOMPILE_PREFIX_HEADER = YES;
				GCC_PREFIX_HEADER = "Klink V2/Klink V2-Prefix.pch";
				INFOPLIST_FILE = "Klink V2/Klink V2-Info.plist";
				IPHONEOS_DEPLOYMENT_TARGET = 4.2;
				PRODUCT_NAME = "$(TARGET_NAME)";
				VALIDATE_PRODUCT = YES;
				WRAPPER_EXTENSION = app;
			};
			name = Release;
		};
/* End XCBuildConfiguration section */

/* Begin XCConfigurationList section */
		C5190A1413C18C0C0077EECA /* Build configuration list for PBXProject "Klink V2" */ = {
			isa = XCConfigurationList;
			buildConfigurations = (
				C5190A3813C18C0D0077EECA /* Debug */,
				C5190A3913C18C0D0077EECA /* Release */,
			);
			defaultConfigurationIsVisible = 0;
			defaultConfigurationName = Release;
		};
		C5190A3A13C18C0D0077EECA /* Build configuration list for PBXNativeTarget "Klink V2" */ = {
			isa = XCConfigurationList;
			buildConfigurations = (
				C5190A3B13C18C0D0077EECA /* Debug */,
				C5190A3C13C18C0D0077EECA /* Release */,
			);
			defaultConfigurationIsVisible = 0;
		};
/* End XCConfigurationList section */

/* Begin XCVersionGroup section */
		C5190A3513C18C0D0077EECA /* Klink_V2.xcdatamodeld */ = {
			isa = XCVersionGroup;
			children = (
				C5190A3613C18C0D0077EECA /* Klink_V2.xcdatamodel */,
			);
			currentVersion = C5190A3613C18C0D0077EECA /* Klink_V2.xcdatamodel */;
			path = Klink_V2.xcdatamodeld;
			sourceTree = "<group>";
			versionGroupType = wrapper.xcdatamodel;
		};
/* End XCVersionGroup section */
	};
	rootObject = C5190A1113C18C0C0077EECA /* Project object */;
}
